
Microsoft Visual Studio Solution File, Format Version 12.00
# Visual Studio Version 17
VisualStudioVersion = 17.3.32901.215
MinimumVisualStudioVersion = 10.0.40219.1
Project("{FAE04EC0-301F-11D3-BF4B-00C04F79EFBC}") = "AggregationandContainment", "AggregationandContainment\AggregationandContainment.csproj", "{7CE49B29-B80F-4933-85D1-A74EC0418EDE}"
EndProject
Global
	GlobalSection(SolutionConfigurationPlatforms) = preSolution
		Debug|Any CPU = Debug|Any CPU
		Release|Any CPU = Release|Any CPU
	EndGlobalSection
	GlobalSection(ProjectConfigurationPlatforms) = postSolution
		{7CE49B29-B80F-4933-85D1-A74EC0418EDE}.Debug|Any CPU.ActiveCfg = Debug|Any CPU
		{7CE49B29-B80F-4933-85D1-A74EC0418EDE}.Debug|Any CPU.Build.0 = Debug|Any CPU
		{7CE49B29-B80F-4933-85D1-A74EC0418EDE}.Release|Any CPU.ActiveCfg = Release|Any CPU
		{7CE49B29-B80F-4933-85D1-A74EC0418EDE}.Release|Any CPU.Build.0 = Release|Any CPU
	EndGlobalSection
	GlobalSection(SolutionProperties) = preSolution
		HideSolutionNode = FALSE
	EndGlobalSection
	GlobalSection(ExtensibilityGlobals) = postSolution
		SolutionGuid = {451C3D4D-145E-4562-A783-D3801D3D1742}
	EndGlobalSection
EndGlobal
